Microsoft Visual Studio Solution File, Format Version 12.00
# Visual Studio 16
Project("{8BC9CEB8-8B4A-11D0-8D11-00A0C91BC942}") = "ALL_BUILD", "ALL_BUILD.vcxproj", "{AB1FBE38-5E4F-3175-B69D-31B11C6E7156}"
	ProjectSection(ProjectDependencies) = postProject
		{808822A5-3723-3D08-8218-D3E733D23CFC} = {808822A5-3723-3D08-8218-D3E733D23CFC}
		{151AA549-6D67-3897-A0DD-22718577D148} = {151AA549-6D67-3897-A0DD-22718577D148}
		{C9E26259-A06A-3EAD-A69A-7EA2BF0B4C3C} = {C9E26259-A06A-3EAD-A69A-7EA2BF0B4C3C}
	EndProjectSection
EndProject
Project("{8BC9CEB8-8B4A-11D0-8D11-00A0C91BC942}") = "Vulkan-glTF-PBR", "src\Vulkan-glTF-PBR.vcxproj", "{808822A5-3723-3D08-8218-D3E733D23CFC}"
	ProjectSection(ProjectDependencies) = postProject
		{151AA549-6D67-3897-A0DD-22718577D148} = {151AA549-6D67-3897-A0DD-22718577D148}
		{C9E26259-A06A-3EAD-A69A-7EA2BF0B4C3C} = {C9E26259-A06A-3EAD-A69A-7EA2BF0B4C3C}
	EndProjectSection
EndProject
Project("{8BC9CEB8-8B4A-11D0-8D11-00A0C91BC942}") = "ZERO_CHECK", "ZERO_CHECK.vcxproj", "{151AA549-6D67-3897-A0DD-22718577D148}"
	ProjectSection(ProjectDependencies) = postProject
	EndProjectSection
EndProject
Project("{8BC9CEB8-8B4A-11D0-8D11-00A0C91BC942}") = "base", "base\base.vcxproj", "{C9E26259-A06A-3EAD-A69A-7EA2BF0B4C3C}"
	ProjectSection(ProjectDependencies) = postProject
		{151AA549-6D67-3897-A0DD-22718577D148} = {151AA549-6D67-3897-A0DD-22718577D148}
	EndProjectSection
EndProject
Global
	GlobalSection(SolutionConfigurationPlatforms) = preSolution
		Debug|x64 = Debug|x64
		Release|x64 = Release|x64
		MinSizeRel|x64 = MinSizeRel|x64
		RelWithDebInfo|x64 = RelWithDebInfo|x64
	EndGlobalSection
	GlobalSection(ProjectConfigurationPlatforms) = postSolution
		{AB1FBE38-5E4F-3175-B69D-31B11C6E7156}.Debug|x64.ActiveCfg = Debug|x64
		{AB1FBE38-5E4F-3175-B69D-31B11C6E7156}.Release|x64.ActiveCfg = Release|x64
		{AB1FBE38-5E4F-3175-B69D-31B11C6E7156}.MinSizeRel|x64.ActiveCfg = MinSizeRel|x64
		{AB1FBE38-5E4F-3175-B69D-31B11C6E7156}.RelWithDebInfo|x64.ActiveCfg = RelWithDebInfo|x64
		{808822A5-3723-3D08-8218-D3E733D23CFC}.Debug|x64.ActiveCfg = Debug|x64
		{808822A5-3723-3D08-8218-D3E733D23CFC}.Debug|x64.Build.0 = Debug|x64
		{808822A5-3723-3D08-8218-D3E733D23CFC}.Release|x64.ActiveCfg = Release|x64
		{808822A5-3723-3D08-8218-D3E733D23CFC}.Release|x64.Build.0 = Release|x64
		{808822A5-3723-3D08-8218-D3E733D23CFC}.MinSizeRel|x64.ActiveCfg = MinSizeRel|x64
		{808822A5-3723-3D08-8218-D3E733D23CFC}.MinSizeRel|x64.Build.0 = MinSizeRel|x64
		{808822A5-3723-3D08-8218-D3E733D23CFC}.RelWithDebInfo|x64.ActiveCfg = RelWithDebInfo|x64
		{808822A5-3723-3D08-8218-D3E733D23CFC}.RelWithDebInfo|x64.Build.0 = RelWithDebInfo|x64
		{151AA549-6D67-3897-A0DD-22718577D148}.Debug|x64.ActiveCfg = Debug|x64
		{151AA549-6D67-3897-A0DD-22718577D148}.Debug|x64.Build.0 = Debug|x64
		{151AA549-6D67-3897-A0DD-22718577D148}.Release|x64.ActiveCfg = Release|x64
		{151AA549-6D67-3897-A0DD-22718577D148}.Release|x64.Build.0 = Release|x64
		{151AA549-6D67-3897-A0DD-22718577D148}.MinSizeRel|x64.ActiveCfg = MinSizeRel|x64
		{151AA549-6D67-3897-A0DD-22718577D148}.MinSizeRel|x64.Build.0 = MinSizeRel|x64
		{151AA549-6D67-3897-A0DD-22718577D148}.RelWithDebInfo|x64.ActiveCfg = RelWithDebInfo|x64
		{151AA549-6D67-3897-A0DD-22718577D148}.RelWithDebInfo|x64.Build.0 = RelWithDebInfo|x64
		{C9E26259-A06A-3EAD-A69A-7EA2BF0B4C3C}.Debug|x64.ActiveCfg = Debug|x64
		{C9E26259-A06A-3EAD-A69A-7EA2BF0B4C3C}.Debug|x64.Build.0 = Debug|x64
		{C9E26259-A06A-3EAD-A69A-7EA2BF0B4C3C}.Release|x64.ActiveCfg = Release|x64
		{C9E26259-A06A-3EAD-A69A-7EA2BF0B4C3C}.Release|x64.Build.0 = Release|x64
		{C9E26259-A06A-3EAD-A69A-7EA2BF0B4C3C}.MinSizeRel|x64.ActiveCfg = MinSizeRel|x64
		{C9E26259-A06A-3EAD-A69A-7EA2BF0B4C3C}.MinSizeRel|x64.Build.0 = MinSizeRel|x64
		{C9E26259-A06A-3EAD-A69A-7EA2BF0B4C3C}.RelWithDebInfo|x64.ActiveCfg = RelWithDebInfo|x64
		{C9E26259-A06A-3EAD-A69A-7EA2BF0B4C3C}.RelWithDebInfo|x64.Build.0 = RelWithDebInfo|x64
	EndGlobalSection
	GlobalSection(ExtensibilityGlobals) = postSolution
		SolutionGuid = {13AD20E3-5F11-338C-9A0D-8DDFD28A8222}
	EndGlobalSection
	GlobalSection(ExtensibilityAddIns) = postSolution
	EndGlobalSection
EndGlobal
